
Microsoft Visual Studio Solution File, Format Version 12.00
# Visual Studio Version 17
VisualStudioVersion = 17.10.34916.146
MinimumVisualStudioVersion = 10.0.40219.1
Project("{9A19103F-16F7-4668-BE54-9A1E7A4F7556}") = "Domain", "Domain\Domain.csproj", "{7D0F663F-C26E-4E06-9F49-8BF859F13D16}"
EndProject
Project("{9A19103F-16F7-4668-BE54-9A1E7A4F7556}") = "API", "API\API.csproj", "{6230E997-9D48-4E3C-814F-39A2618CCD9B}"
EndProject
Project("{9A19103F-16F7-4668-BE54-9A1E7A4F7556}") = "View", "View\View.csproj", "{D58CA557-8B81-4B4F-8C35-AFF7C99D4DBE}"
EndProject
Project("{9A19103F-16F7-4668-BE54-9A1E7A4F7556}") = "Utilities", "Utilities\Utilities.csproj", "{7C4DC35F-5B14-4F35-A5EA-CEC04B8EACFF}"
EndProject
Project("{9A19103F-16F7-4668-BE54-9A1E7A4F7556}") = "ViewClient", "ViewClient\ViewClient.csproj", "{6C2A66C9-4E0C-4A87-A196-8F4EC0016807}"
EndProject
Project("{FAE04EC0-301F-11D3-BF4B-00C04F79EFBC}") = "Blazor.Client", "Blazor.Client\Blazor.Client.csproj", "{961ED76E-7177-4506-A309-E85E62EDC893}"
EndProject
Global
	GlobalSection(SolutionConfigurationPlatforms) = preSolution
		Debug|Any CPU = Debug|Any CPU
		Release|Any CPU = Release|Any CPU
	EndGlobalSection
	GlobalSection(ProjectConfigurationPlatforms) = postSolution
		{7D0F663F-C26E-4E06-9F49-8BF859F13D16}.Debug|Any CPU.ActiveCfg = Debug|Any CPU
		{7D0F663F-C26E-4E06-9F49-8BF859F13D16}.Debug|Any CPU.Build.0 = Debug|Any CPU
		{7D0F663F-C26E-4E06-9F49-8BF859F13D16}.Release|Any CPU.ActiveCfg = Release|Any CPU
		{7D0F663F-C26E-4E06-9F49-8BF859F13D16}.Release|Any CPU.Build.0 = Release|Any CPU
		{6230E997-9D48-4E3C-814F-39A2618CCD9B}.Debug|Any CPU.ActiveCfg = Debug|Any CPU
		{6230E997-9D48-4E3C-814F-39A2618CCD9B}.Debug|Any CPU.Build.0 = Debug|Any CPU
		{6230E997-9D48-4E3C-814F-39A2618CCD9B}.Release|Any CPU.ActiveCfg = Release|Any CPU
		{6230E997-9D48-4E3C-814F-39A2618CCD9B}.Release|Any CPU.Build.0 = Release|Any CPU
		{D58CA557-8B81-4B4F-8C35-AFF7C99D4DBE}.Debug|Any CPU.ActiveCfg = Debug|Any CPU
		{D58CA557-8B81-4B4F-8C35-AFF7C99D4DBE}.Debug|Any CPU.Build.0 = Debug|Any CPU
		{D58CA557-8B81-4B4F-8C35-AFF7C99D4DBE}.Release|Any CPU.ActiveCfg = Release|Any CPU
		{D58CA557-8B81-4B4F-8C35-AFF7C99D4DBE}.Release|Any CPU.Build.0 = Release|Any CPU
		{7C4DC35F-5B14-4F35-A5EA-CEC04B8EACFF}.Debug|Any CPU.ActiveCfg = Debug|Any CPU
		{7C4DC35F-5B14-4F35-A5EA-CEC04B8EACFF}.Debug|Any CPU.Build.0 = Debug|Any CPU
		{7C4DC35F-5B14-4F35-A5EA-CEC04B8EACFF}.Release|Any CPU.ActiveCfg = Release|Any CPU
		{7C4DC35F-5B14-4F35-A5EA-CEC04B8EACFF}.Release|Any CPU.Build.0 = Release|Any CPU
		{6C2A66C9-4E0C-4A87-A196-8F4EC0016807}.Debug|Any CPU.ActiveCfg = Debug|Any CPU
		{6C2A66C9-4E0C-4A87-A196-8F4EC0016807}.Debug|Any CPU.Build.0 = Debug|Any CPU
		{6C2A66C9-4E0C-4A87-A196-8F4EC0016807}.Release|Any CPU.ActiveCfg = Release|Any CPU
		{6C2A66C9-4E0C-4A87-A196-8F4EC0016807}.Release|Any CPU.Build.0 = Release|Any CPU
		{961ED76E-7177-4506-A309-E85E62EDC893}.Debug|Any CPU.ActiveCfg = Debug|Any CPU
		{961ED76E-7177-4506-A309-E85E62EDC893}.Debug|Any CPU.Build.0 = Debug|Any CPU
		{961ED76E-7177-4506-A309-E85E62EDC893}.Release|Any CPU.ActiveCfg = Release|Any CPU
		{961ED76E-7177-4506-A309-E85E62EDC893}.Release|Any CPU.Build.0 = Release|Any CPU
	EndGlobalSection
	GlobalSection(SolutionProperties) = preSolution
		HideSolutionNode = FALSE
	EndGlobalSection
	GlobalSection(ExtensibilityGlobals) = postSolution
		SolutionGuid = {FA539CFC-522B-4404-AAF3-E7463A0951E8}
	EndGlobalSection
EndGlobal
