
Microsoft Visual Studio Solution File, Format Version 12.00
# Visual Studio Version 17
VisualStudioVersion = 17.10.34916.146
MinimumVisualStudioVersion = 10.0.40219.1
Project("{9A19103F-16F7-4668-BE54-9A1E7A4F7556}") = "Domain", "Domain\Domain.csproj", "{7D0F663F-C26E-4E06-9F49-8BF859F13D16}"
EndProject
Project("{9A19103F-16F7-4668-BE54-9A1E7A4F7556}") = "API", "API\API.csproj", "{6230E997-9D48-4E3C-814F-39A2618CCD9B}"
EndProject
Project("{FAE04EC0-301F-11D3-BF4B-00C04F79EFBC}") = "View", "View\View.csproj", "{FF9797A9-D71B-4D1E-8B48-C46488E9037B}"
EndProject
Global
	GlobalSection(SolutionConfigurationPlatforms) = preSolution
		Debug|Any CPU = Debug|Any CPU
		Release|Any CPU = Release|Any CPU
	EndGlobalSection
	GlobalSection(ProjectConfigurationPlatforms) = postSolution
		{7D0F663F-C26E-4E06-9F49-8BF859F13D16}.Debug|Any CPU.ActiveCfg = Debug|Any CPU
		{7D0F663F-C26E-4E06-9F49-8BF859F13D16}.Debug|Any CPU.Build.0 = Debug|Any CPU
		{7D0F663F-C26E-4E06-9F49-8BF859F13D16}.Release|Any CPU.ActiveCfg = Release|Any CPU
		{7D0F663F-C26E-4E06-9F49-8BF859F13D16}.Release|Any CPU.Build.0 = Release|Any CPU
		{6230E997-9D48-4E3C-814F-39A2618CCD9B}.Debug|Any CPU.ActiveCfg = Debug|Any CPU
		{6230E997-9D48-4E3C-814F-39A2618CCD9B}.Debug|Any CPU.Build.0 = Debug|Any CPU
		{6230E997-9D48-4E3C-814F-39A2618CCD9B}.Release|Any CPU.ActiveCfg = Release|Any CPU
		{6230E997-9D48-4E3C-814F-39A2618CCD9B}.Release|Any CPU.Build.0 = Release|Any CPU
		{FF9797A9-D71B-4D1E-8B48-C46488E9037B}.Debug|Any CPU.ActiveCfg = Debug|Any CPU
		{FF9797A9-D71B-4D1E-8B48-C46488E9037B}.Debug|Any CPU.Build.0 = Debug|Any CPU
		{FF9797A9-D71B-4D1E-8B48-C46488E9037B}.Release|Any CPU.ActiveCfg = Release|Any CPU
		{FF9797A9-D71B-4D1E-8B48-C46488E9037B}.Release|Any CPU.Build.0 = Release|Any CPU
	EndGlobalSection
	GlobalSection(SolutionProperties) = preSolution
		HideSolutionNode = FALSE
	EndGlobalSection
	GlobalSection(ExtensibilityGlobals) = postSolution
		SolutionGuid = {FA539CFC-522B-4404-AAF3-E7463A0951E8}
	EndGlobalSection
EndGlobal
